// !$*UTF8*$!
{
	archiveVersion = 1;
	classes = {
	};
	objectVersion = 56;
	objects = {

/* Begin PBXBuildFile section */
		881B72432A363A64004078B0 /* TextInputAutocomplete.swift in Sources */ = {isa = PBXBuildFile; fileRef = 881B72422A363A64004078B0 /* TextInputAutocomplete.swift */; };
		882B618D2A310A7E002CF208 /* Accordion.swift in Sources */ = {isa = PBXBuildFile; fileRef = 882B618C2A310A7E002CF208 /* Accordion.swift */; };
		882B618F2A310A95002CF208 /* Checkbox.swift in Sources */ = {isa = PBXBuildFile; fileRef = 882B618E2A310A95002CF208 /* Checkbox.swift */; };
		882B61912A310AAA002CF208 /* ConnectedCard.swift in Sources */ = {isa = PBXBuildFile; fileRef = 882B61902A310AAA002CF208 /* ConnectedCard.swift */; };
		882B61932A310AC3002CF208 /* ListFreelancers.swift in Sources */ = {isa = PBXBuildFile; fileRef = 882B61922A310AC3002CF208 /* ListFreelancers.swift */; };
		882B61952A310AD3002CF208 /* ListSkills.swift in Sources */ = {isa = PBXBuildFile; fileRef = 882B61942A310AD3002CF208 /* ListSkills.swift */; };
		882B61982A310AEA002CF208 /* MenuItem.swift in Sources */ = {isa = PBXBuildFile; fileRef = 882B61972A310AEA002CF208 /* MenuItem.swift */; };
		882B619A2A310B01002CF208 /* SearchBar.swift in Sources */ = {isa = PBXBuildFile; fileRef = 882B61992A310B01002CF208 /* SearchBar.swift */; };
		882B619C2A310B27002CF208 /* FreelancerDummy.swift in Sources */ = {isa = PBXBuildFile; fileRef = 882B619B2A310B27002CF208 /* FreelancerDummy.swift */; };
		882B619E2A310B37002CF208 /* Roles.swift in Sources */ = {isa = PBXBuildFile; fileRef = 882B619D2A310B36002CF208 /* Roles.swift */; };
		882B61A02A310B43002CF208 /* Skills.swift in Sources */ = {isa = PBXBuildFile; fileRef = 882B619F2A310B43002CF208 /* Skills.swift */; };
		882B61A32A310B7F002CF208 /* FreelancerViewModel.swift in Sources */ = {isa = PBXBuildFile; fileRef = 882B61A22A310B7F002CF208 /* FreelancerViewModel.swift */; };
		882B61A52A310B94002CF208 /* RolesViewModel.swift in Sources */ = {isa = PBXBuildFile; fileRef = 882B61A42A310B94002CF208 /* RolesViewModel.swift */; };
		882B61A72A310BB8002CF208 /* SkillsViewModel.swift in Sources */ = {isa = PBXBuildFile; fileRef = 882B61A62A310BB8002CF208 /* SkillsViewModel.swift */; };
		882B61A92A310BE8002CF208 /* ConnectedView.swift in Sources */ = {isa = PBXBuildFile; fileRef = 882B61A82A310BE8002CF208 /* ConnectedView.swift */; };
		882B61AB2A3111E4002CF208 /* Menu.swift in Sources */ = {isa = PBXBuildFile; fileRef = 882B61AA2A3111E4002CF208 /* Menu.swift */; };
		882B61AD2A31DDF7002CF208 /* Notification.swift in Sources */ = {isa = PBXBuildFile; fileRef = 882B61AC2A31DDF7002CF208 /* Notification.swift */; };
		882B61B32A3446F1002CF208 /* Users.swift in Sources */ = {isa = PBXBuildFile; fileRef = 882B61B22A3446F1002CF208 /* Users.swift */; };
		882B61B52A34474C002CF208 /* UserViewModel.swift in Sources */ = {isa = PBXBuildFile; fileRef = 882B61B42A34474C002CF208 /* UserViewModel.swift */; };
		BD2AAA7F2A306C4500867EB4 /* README.md in Resources */ = {isa = PBXBuildFile; fileRef = BD2AAA7E2A306C4500867EB4 /* README.md */; };
		BD2AAA812A306C5700867EB4 /* RequestConnectView.swift in Sources */ = {isa = PBXBuildFile; fileRef = BD2AAA802A306C5700867EB4 /* RequestConnectView.swift */; };
		BD2AAA832A306C6000867EB4 /* ReferralView.swift in Sources */ = {isa = PBXBuildFile; fileRef = BD2AAA822A306C6000867EB4 /* ReferralView.swift */; };
		BD2AAA902A30706200867EB4 /* TextFieldStyleCustom.swift in Sources */ = {isa = PBXBuildFile; fileRef = BD2AAA8F2A30706200867EB4 /* TextFieldStyleCustom.swift */; };
		BD9230B02A31C0CC006C8EDB /* NotificationListView.swift in Sources */ = {isa = PBXBuildFile; fileRef = BD9230AF2A31C0CC006C8EDB /* NotificationListView.swift */; };
		BDA0A4C92A336DC300F6513F /* CreateProfileView.swift in Sources */ = {isa = PBXBuildFile; fileRef = BDA0A4C82A336DC300F6513F /* CreateProfileView.swift */; };
		BDA0A4CB2A336E1700F6513F /* FormTitleWithIcon.swift in Sources */ = {isa = PBXBuildFile; fileRef = BDA0A4CA2A336E1700F6513F /* FormTitleWithIcon.swift */; };
		BDA0A4CD2A336F7C00F6513F /* CapsuleSkillView.swift in Sources */ = {isa = PBXBuildFile; fileRef = BDA0A4CC2A336F7C00F6513F /* CapsuleSkillView.swift */; };
		BDFDC87F2A2D653D00776B60 /* LoginView.swift in Sources */ = {isa = PBXBuildFile; fileRef = BDFDC87E2A2D653D00776B60 /* LoginView.swift */; };
		EC8AAE572A3296F20062D97E /* LinkedInConstants.swift in Sources */ = {isa = PBXBuildFile; fileRef = EC8AAE562A3296F20062D97E /* LinkedInConstants.swift */; };
		EC8AAE592A3297230062D97E /* LinkedInEmailModel.swift in Sources */ = {isa = PBXBuildFile; fileRef = EC8AAE582A3297230062D97E /* LinkedInEmailModel.swift */; };
		EC8AAE5B2A3297390062D97E /* LinkedInProfileModel.swift in Sources */ = {isa = PBXBuildFile; fileRef = EC8AAE5A2A3297390062D97E /* LinkedInProfileModel.swift */; };
		EC8AAE5D2A33104B0062D97E /* LoginViewController.swift in Sources */ = {isa = PBXBuildFile; fileRef = EC8AAE5C2A33104B0062D97E /* LoginViewController.swift */; };
		EC8AAE5F2A3322DE0062D97E /* LinkedInBasicModel.swift in Sources */ = {isa = PBXBuildFile; fileRef = EC8AAE5E2A3322DE0062D97E /* LinkedInBasicModel.swift */; };
		ECA309E62A25ED9000C26905 /* TenderApp.swift in Sources */ = {isa = PBXBuildFile; fileRef = ECA309E52A25ED9000C26905 /* TenderApp.swift */; };
		ECA309E82A25ED9000C26905 /* ContentView.swift in Sources */ = {isa = PBXBuildFile; fileRef = ECA309E72A25ED9000C26905 /* ContentView.swift */; };
		ECA309EA2A25ED9100C26905 /* Assets.xcassets in Resources */ = {isa = PBXBuildFile; fileRef = ECA309E92A25ED9100C26905 /* Assets.xcassets */; };
		ECA309ED2A25ED9100C26905 /* Preview Assets.xcassets in Resources */ = {isa = PBXBuildFile; fileRef = ECA309EC2A25ED9100C26905 /* Preview Assets.xcassets */; };
		ECA309FC2A26D3E500C26905 /* ReferenceHelper.swift in Sources */ = {isa = PBXBuildFile; fileRef = ECA309FB2A26D3E500C26905 /* ReferenceHelper.swift */; };
		ECA30A202A27591C00C26905 /* SayedTestView.swift in Sources */ = {isa = PBXBuildFile; fileRef = ECA30A1F2A27591C00C26905 /* SayedTestView.swift */; };
		ECA30A442A2F720F00C26905 /* Freelancer.swift in Sources */ = {isa = PBXBuildFile; fileRef = ECA30A432A2F720F00C26905 /* Freelancer.swift */; };
		ECA30A462A2F75A400C26905 /* FreelancerModel.swift in Sources */ = {isa = PBXBuildFile; fileRef = ECA30A452A2F75A400C26905 /* FreelancerModel.swift */; };
		FE1600F02A2CD388003691BE /* SwipeView.swift in Sources */ = {isa = PBXBuildFile; fileRef = FE1600EF2A2CD388003691BE /* SwipeView.swift */; };
		FE1600F22A2CD39C003691BE /* MenuView.swift in Sources */ = {isa = PBXBuildFile; fileRef = FE1600F12A2CD39C003691BE /* MenuView.swift */; };
		FE1600F42A2CD40F003691BE /* MenuList.swift in Sources */ = {isa = PBXBuildFile; fileRef = FE1600F32A2CD40F003691BE /* MenuList.swift */; };
		FE1600F62A2DB3D1003691BE /* Card.swift in Sources */ = {isa = PBXBuildFile; fileRef = FE1600F52A2DB3D1003691BE /* Card.swift */; };
		FEDF986A2A33605F00167A9A /* ProfileView.swift in Sources */ = {isa = PBXBuildFile; fileRef = FEDF98692A33605F00167A9A /* ProfileView.swift */; };
/* End PBXBuildFile section */

/* Begin PBXFileReference section */
		881B72422A363A64004078B0 /* TextInputAutocomplete.swift */ = {isa = PBXFileReference; lastKnownFileType = sourcecode.swift; path = TextInputAutocomplete.swift; sourceTree = "<group>"; };
		882B618C2A310A7E002CF208 /* Accordion.swift */ = {isa = PBXFileReference; lastKnownFileType = sourcecode.swift; path = Accordion.swift; sourceTree = "<group>"; };
		882B618E2A310A95002CF208 /* Checkbox.swift */ = {isa = PBXFileReference; lastKnownFileType = sourcecode.swift; path = Checkbox.swift; sourceTree = "<group>"; };
		882B61902A310AAA002CF208 /* ConnectedCard.swift */ = {isa = PBXFileReference; lastKnownFileType = sourcecode.swift; path = ConnectedCard.swift; sourceTree = "<group>"; };
		882B61922A310AC3002CF208 /* ListFreelancers.swift */ = {isa = PBXFileReference; lastKnownFileType = sourcecode.swift; path = ListFreelancers.swift; sourceTree = "<group>"; };
		882B61942A310AD3002CF208 /* ListSkills.swift */ = {isa = PBXFileReference; lastKnownFileType = sourcecode.swift; path = ListSkills.swift; sourceTree = "<group>"; };
		882B61972A310AEA002CF208 /* MenuItem.swift */ = {isa = PBXFileReference; lastKnownFileType = sourcecode.swift; path = MenuItem.swift; sourceTree = "<group>"; };
		882B61992A310B01002CF208 /* SearchBar.swift */ = {isa = PBXFileReference; lastKnownFileType = sourcecode.swift; path = SearchBar.swift; sourceTree = "<group>"; };
		882B619B2A310B27002CF208 /* FreelancerDummy.swift */ = {isa = PBXFileReference; lastKnownFileType = sourcecode.swift; path = FreelancerDummy.swift; sourceTree = "<group>"; };
		882B619D2A310B36002CF208 /* Roles.swift */ = {isa = PBXFileReference; lastKnownFileType = sourcecode.swift; path = Roles.swift; sourceTree = "<group>"; };
		882B619F2A310B43002CF208 /* Skills.swift */ = {isa = PBXFileReference; lastKnownFileType = sourcecode.swift; path = Skills.swift; sourceTree = "<group>"; };
		882B61A22A310B7F002CF208 /* FreelancerViewModel.swift */ = {isa = PBXFileReference; lastKnownFileType = sourcecode.swift; path = FreelancerViewModel.swift; sourceTree = "<group>"; };
		882B61A42A310B94002CF208 /* RolesViewModel.swift */ = {isa = PBXFileReference; lastKnownFileType = sourcecode.swift; path = RolesViewModel.swift; sourceTree = "<group>"; };
		882B61A62A310BB8002CF208 /* SkillsViewModel.swift */ = {isa = PBXFileReference; lastKnownFileType = sourcecode.swift; path = SkillsViewModel.swift; sourceTree = "<group>"; };
		882B61A82A310BE8002CF208 /* ConnectedView.swift */ = {isa = PBXFileReference; lastKnownFileType = sourcecode.swift; path = ConnectedView.swift; sourceTree = "<group>"; };
		882B61AA2A3111E4002CF208 /* Menu.swift */ = {isa = PBXFileReference; lastKnownFileType = sourcecode.swift; path = Menu.swift; sourceTree = "<group>"; };
		882B61AC2A31DDF7002CF208 /* Notification.swift */ = {isa = PBXFileReference; lastKnownFileType = sourcecode.swift; path = Notification.swift; sourceTree = "<group>"; };
		882B61B22A3446F1002CF208 /* Users.swift */ = {isa = PBXFileReference; lastKnownFileType = sourcecode.swift; path = Users.swift; sourceTree = "<group>"; };
		882B61B42A34474C002CF208 /* UserViewModel.swift */ = {isa = PBXFileReference; lastKnownFileType = sourcecode.swift; path = UserViewModel.swift; sourceTree = "<group>"; };
		BD2AAA7E2A306C4500867EB4 /* README.md */ = {isa = PBXFileReference; fileEncoding = 4; lastKnownFileType = net.daringfireball.markdown; path = README.md; sourceTree = "<group>"; };
		BD2AAA802A306C5700867EB4 /* RequestConnectView.swift */ = {isa = PBXFileReference; fileEncoding = 4; lastKnownFileType = sourcecode.swift; path = RequestConnectView.swift; sourceTree = "<group>"; };
		BD2AAA822A306C6000867EB4 /* ReferralView.swift */ = {isa = PBXFileReference; fileEncoding = 4; lastKnownFileType = sourcecode.swift; path = ReferralView.swift; sourceTree = "<group>"; };
		BD2AAA8F2A30706200867EB4 /* TextFieldStyleCustom.swift */ = {isa = PBXFileReference; lastKnownFileType = sourcecode.swift; path = TextFieldStyleCustom.swift; sourceTree = "<group>"; };
		BD9230AF2A31C0CC006C8EDB /* NotificationListView.swift */ = {isa = PBXFileReference; lastKnownFileType = sourcecode.swift; path = NotificationListView.swift; sourceTree = "<group>"; };
		BDA0A4C82A336DC300F6513F /* CreateProfileView.swift */ = {isa = PBXFileReference; lastKnownFileType = sourcecode.swift; path = CreateProfileView.swift; sourceTree = "<group>"; };
		BDA0A4CA2A336E1700F6513F /* FormTitleWithIcon.swift */ = {isa = PBXFileReference; lastKnownFileType = sourcecode.swift; path = FormTitleWithIcon.swift; sourceTree = "<group>"; };
		BDA0A4CC2A336F7C00F6513F /* CapsuleSkillView.swift */ = {isa = PBXFileReference; lastKnownFileType = sourcecode.swift; path = CapsuleSkillView.swift; sourceTree = "<group>"; };
		BDFDC87E2A2D653D00776B60 /* LoginView.swift */ = {isa = PBXFileReference; lastKnownFileType = sourcecode.swift; path = LoginView.swift; sourceTree = "<group>"; };
		EC8AAE562A3296F20062D97E /* LinkedInConstants.swift */ = {isa = PBXFileReference; lastKnownFileType = sourcecode.swift; path = LinkedInConstants.swift; sourceTree = "<group>"; };
		EC8AAE582A3297230062D97E /* LinkedInEmailModel.swift */ = {isa = PBXFileReference; lastKnownFileType = sourcecode.swift; path = LinkedInEmailModel.swift; sourceTree = "<group>"; };
		EC8AAE5A2A3297390062D97E /* LinkedInProfileModel.swift */ = {isa = PBXFileReference; lastKnownFileType = sourcecode.swift; path = LinkedInProfileModel.swift; sourceTree = "<group>"; };
		EC8AAE5C2A33104B0062D97E /* LoginViewController.swift */ = {isa = PBXFileReference; lastKnownFileType = sourcecode.swift; path = LoginViewController.swift; sourceTree = "<group>"; };
		EC8AAE5E2A3322DE0062D97E /* LinkedInBasicModel.swift */ = {isa = PBXFileReference; lastKnownFileType = sourcecode.swift; path = LinkedInBasicModel.swift; sourceTree = "<group>"; };
		ECA309E22A25ED9000C26905 /* Tender.app */ = {isa = PBXFileReference; explicitFileType = wrapper.application; includeInIndex = 0; path = Tender.app; sourceTree = BUILT_PRODUCTS_DIR; };
		ECA309E52A25ED9000C26905 /* TenderApp.swift */ = {isa = PBXFileReference; lastKnownFileType = sourcecode.swift; path = TenderApp.swift; sourceTree = "<group>"; };
		ECA309E72A25ED9000C26905 /* ContentView.swift */ = {isa = PBXFileReference; lastKnownFileType = sourcecode.swift; path = ContentView.swift; sourceTree = "<group>"; };
		ECA309E92A25ED9100C26905 /* Assets.xcassets */ = {isa = PBXFileReference; lastKnownFileType = folder.assetcatalog; path = Assets.xcassets; sourceTree = "<group>"; };
		ECA309EC2A25ED9100C26905 /* Preview Assets.xcassets */ = {isa = PBXFileReference; lastKnownFileType = folder.assetcatalog; path = "Preview Assets.xcassets"; sourceTree = "<group>"; };
		ECA309FB2A26D3E500C26905 /* ReferenceHelper.swift */ = {isa = PBXFileReference; lastKnownFileType = sourcecode.swift; path = ReferenceHelper.swift; sourceTree = "<group>"; };
		ECA309FD2A27415200C26905 /* Tender.entitlements */ = {isa = PBXFileReference; lastKnownFileType = text.plist.entitlements; path = Tender.entitlements; sourceTree = "<group>"; };
		ECA309FE2A274D8B00C26905 /* Info.plist */ = {isa = PBXFileReference; lastKnownFileType = text.plist; path = Info.plist; sourceTree = "<group>"; };
		ECA30A1F2A27591C00C26905 /* SayedTestView.swift */ = {isa = PBXFileReference; lastKnownFileType = sourcecode.swift; path = SayedTestView.swift; sourceTree = "<group>"; };
		ECA30A432A2F720F00C26905 /* Freelancer.swift */ = {isa = PBXFileReference; lastKnownFileType = sourcecode.swift; path = Freelancer.swift; sourceTree = "<group>"; };
		ECA30A452A2F75A400C26905 /* FreelancerModel.swift */ = {isa = PBXFileReference; lastKnownFileType = sourcecode.swift; path = FreelancerModel.swift; sourceTree = "<group>"; };
		FE1600EF2A2CD388003691BE /* SwipeView.swift */ = {isa = PBXFileReference; lastKnownFileType = sourcecode.swift; path = SwipeView.swift; sourceTree = "<group>"; };
		FE1600F12A2CD39C003691BE /* MenuView.swift */ = {isa = PBXFileReference; lastKnownFileType = sourcecode.swift; path = MenuView.swift; sourceTree = "<group>"; };
		FE1600F32A2CD40F003691BE /* MenuList.swift */ = {isa = PBXFileReference; lastKnownFileType = sourcecode.swift; path = MenuList.swift; sourceTree = "<group>"; };
		FE1600F52A2DB3D1003691BE /* Card.swift */ = {isa = PBXFileReference; lastKnownFileType = sourcecode.swift; path = Card.swift; sourceTree = "<group>"; };
		FEDF98692A33605F00167A9A /* ProfileView.swift */ = {isa = PBXFileReference; lastKnownFileType = sourcecode.swift; path = ProfileView.swift; sourceTree = "<group>"; };
/* End PBXFileReference section */

/* Begin PBXFrameworksBuildPhase section */
		ECA309DF2A25ED9000C26905 /* Frameworks */ = {
			isa = PBXFrameworksBuildPhase;
			buildActionMask = 2147483647;
			files = (
			);
			runOnlyForDeploymentPostprocessing = 0;
		};
/* End PBXFrameworksBuildPhase section */

/* Begin PBXGroup section */
		882B618B2A310A63002CF208 /* Components */ = {
			isa = PBXGroup;
			children = (
				882B618C2A310A7E002CF208 /* Accordion.swift */,
				882B618E2A310A95002CF208 /* Checkbox.swift */,
				882B61902A310AAA002CF208 /* ConnectedCard.swift */,
				882B61922A310AC3002CF208 /* ListFreelancers.swift */,
				882B61972A310AEA002CF208 /* MenuItem.swift */,
				882B61942A310AD3002CF208 /* ListSkills.swift */,
				882B61992A310B01002CF208 /* SearchBar.swift */,
				BDA0A4CA2A336E1700F6513F /* FormTitleWithIcon.swift */,
				BDA0A4CC2A336F7C00F6513F /* CapsuleSkillView.swift */,
				881B72422A363A64004078B0 /* TextInputAutocomplete.swift */,
			);
			path = Components;
			sourceTree = "<group>";
		};
		882B61A12A310B64002CF208 /* ViewModel */ = {
			isa = PBXGroup;
			children = (
				882B61A22A310B7F002CF208 /* FreelancerViewModel.swift */,
				882B61A62A310BB8002CF208 /* SkillsViewModel.swift */,
				882B61A42A310B94002CF208 /* RolesViewModel.swift */,
				882B61B42A34474C002CF208 /* UserViewModel.swift */,
			);
			path = ViewModel;
			sourceTree = "<group>";
		};
		BD2AAA892A306D0D00867EB4 /* CustomStyle */ = {
			isa = PBXGroup;
			children = (
				BD2AAA8F2A30706200867EB4 /* TextFieldStyleCustom.swift */,
			);
			path = CustomStyle;
			sourceTree = "<group>";
		};
		ECA309D92A25ED9000C26905 = {
			isa = PBXGroup;
			children = (
				BD2AAA7E2A306C4500867EB4 /* README.md */,
				ECA309E42A25ED9000C26905 /* Tender */,
				ECA309E32A25ED9000C26905 /* Products */,
			);
			sourceTree = "<group>";
		};
		ECA309E32A25ED9000C26905 /* Products */ = {
			isa = PBXGroup;
			children = (
				ECA309E22A25ED9000C26905 /* Tender.app */,
			);
			name = Products;
			sourceTree = "<group>";
		};
		ECA309E42A25ED9000C26905 /* Tender */ = {
			isa = PBXGroup;
			children = (
				882B61A12A310B64002CF208 /* ViewModel */,
				882B618B2A310A63002CF208 /* Components */,
				ECA309FE2A274D8B00C26905 /* Info.plist */,
				ECA309FD2A27415200C26905 /* Tender.entitlements */,
				BD2AAA892A306D0D00867EB4 /* CustomStyle */,
				ECA309E52A25ED9000C26905 /* TenderApp.swift */,
				FE1600F52A2DB3D1003691BE /* Card.swift */,
				ECA309F52A25EDD600C26905 /* Model */,
				ECA309F42A25EDAB00C26905 /* Views */,
				ECA309F32A25EDA000C26905 /* Helpers */,
				ECA309E92A25ED9100C26905 /* Assets.xcassets */,
				ECA309EB2A25ED9100C26905 /* Preview Content */,
			);
			path = Tender;
			sourceTree = "<group>";
		};
		ECA309EB2A25ED9100C26905 /* Preview Content */ = {
			isa = PBXGroup;
			children = (
				ECA309EC2A25ED9100C26905 /* Preview Assets.xcassets */,
			);
			path = "Preview Content";
			sourceTree = "<group>";
		};
		ECA309F32A25EDA000C26905 /* Helpers */ = {
			isa = PBXGroup;
			children = (
				ECA309FB2A26D3E500C26905 /* ReferenceHelper.swift */,
				EC8AAE562A3296F20062D97E /* LinkedInConstants.swift */,
				EC8AAE5C2A33104B0062D97E /* LoginViewController.swift */,
			);
			path = Helpers;
			sourceTree = "<group>";
		};
		ECA309F42A25EDAB00C26905 /* Views */ = {
			isa = PBXGroup;
			children = (
				BD2AAA822A306C6000867EB4 /* ReferralView.swift */,
				BD2AAA802A306C5700867EB4 /* RequestConnectView.swift */,
				FEDF98692A33605F00167A9A /* ProfileView.swift */,
				BD9230AF2A31C0CC006C8EDB /* NotificationListView.swift */,
				ECA309E72A25ED9000C26905 /* ContentView.swift */,
				ECA30A1F2A27591C00C26905 /* SayedTestView.swift */,
				FE1600EF2A2CD388003691BE /* SwipeView.swift */,
				FE1600F12A2CD39C003691BE /* MenuView.swift */,
				FE1600F32A2CD40F003691BE /* MenuList.swift */,
				BDFDC87E2A2D653D00776B60 /* LoginView.swift */,
				882B61A82A310BE8002CF208 /* ConnectedView.swift */,
				BDA0A4C82A336DC300F6513F /* CreateProfileView.swift */,
			);
			path = Views;
			sourceTree = "<group>";
		};
		ECA309F52A25EDD600C26905 /* Model */ = {
			isa = PBXGroup;
			children = (
				ECA30A432A2F720F00C26905 /* Freelancer.swift */,
				ECA30A452A2F75A400C26905 /* FreelancerModel.swift */,
				EC8AAE582A3297230062D97E /* LinkedInEmailModel.swift */,
				EC8AAE5A2A3297390062D97E /* LinkedInProfileModel.swift */,
				EC8AAE5E2A3322DE0062D97E /* LinkedInBasicModel.swift */,
				882B619B2A310B27002CF208 /* FreelancerDummy.swift */,
				882B619D2A310B36002CF208 /* Roles.swift */,
				882B619F2A310B43002CF208 /* Skills.swift */,
				882B61AA2A3111E4002CF208 /* Menu.swift */,
				882B61AC2A31DDF7002CF208 /* Notification.swift */,
				882B61B22A3446F1002CF208 /* Users.swift */,
			);
			path = Model;
			sourceTree = "<group>";
		};
/* End PBXGroup section */

/* Begin PBXNativeTarget section */
		ECA309E12A25ED9000C26905 /* Tender */ = {
			isa = PBXNativeTarget;
			buildConfigurationList = ECA309F02A25ED9100C26905 /* Build configuration list for PBXNativeTarget "Tender" */;
			buildPhases = (
				ECA309DE2A25ED9000C26905 /* Sources */,
				ECA309DF2A25ED9000C26905 /* Frameworks */,
				ECA309E02A25ED9000C26905 /* Resources */,
			);
			buildRules = (
			);
			dependencies = (
			);
			name = Tender;
			productName = Tender;
			productReference = ECA309E22A25ED9000C26905 /* Tender.app */;
			productType = "com.apple.product-type.application";
		};
/* End PBXNativeTarget section */

/* Begin PBXProject section */
		ECA309DA2A25ED9000C26905 /* Project object */ = {
			isa = PBXProject;
			attributes = {
				BuildIndependentTargetsInParallel = 1;
				LastSwiftUpdateCheck = 1430;
				LastUpgradeCheck = 1430;
				TargetAttributes = {
					ECA309E12A25ED9000C26905 = {
						CreatedOnToolsVersion = 14.3;
					};
				};
			};
			buildConfigurationList = ECA309DD2A25ED9000C26905 /* Build configuration list for PBXProject "Tender" */;
			compatibilityVersion = "Xcode 14.0";
			developmentRegion = en;
			hasScannedForEncodings = 0;
			knownRegions = (
				en,
				Base,
			);
			mainGroup = ECA309D92A25ED9000C26905;
			productRefGroup = ECA309E32A25ED9000C26905 /* Products */;
			projectDirPath = "";
			projectRoot = "";
			targets = (
				ECA309E12A25ED9000C26905 /* Tender */,
			);
		};
/* End PBXProject section */

/* Begin PBXResourcesBuildPhase section */
		ECA309E02A25ED9000C26905 /* Resources */ = {
			isa = PBXResourcesBuildPhase;
			buildActionMask = 2147483647;
			files = (
				BD2AAA7F2A306C4500867EB4 /* README.md in Resources */,
				ECA309ED2A25ED9100C26905 /* Preview Assets.xcassets in Resources */,
				ECA309EA2A25ED9100C26905 /* Assets.xcassets in Resources */,
			);
			runOnlyForDeploymentPostprocessing = 0;
		};
/* End PBXResourcesBuildPhase section */

/* Begin PBXSourcesBuildPhase section */
		ECA309DE2A25ED9000C26905 /* Sources */ = {
			isa = PBXSourcesBuildPhase;
			buildActionMask = 2147483647;
			files = (
				BD2AAA902A30706200867EB4 /* TextFieldStyleCustom.swift in Sources */,
				FE1600F22A2CD39C003691BE /* MenuView.swift in Sources */,
				882B61A92A310BE8002CF208 /* ConnectedView.swift in Sources */,
				882B61952A310AD3002CF208 /* ListSkills.swift in Sources */,
				882B618F2A310A95002CF208 /* Checkbox.swift in Sources */,
				FE1600F62A2DB3D1003691BE /* Card.swift in Sources */,
				EC8AAE5F2A3322DE0062D97E /* LinkedInBasicModel.swift in Sources */,
				ECA309E82A25ED9000C26905 /* ContentView.swift in Sources */,
				882B61912A310AAA002CF208 /* ConnectedCard.swift in Sources */,
				BDA0A4C92A336DC300F6513F /* CreateProfileView.swift in Sources */,
				882B61AD2A31DDF7002CF208 /* Notification.swift in Sources */,
				882B61A72A310BB8002CF208 /* SkillsViewModel.swift in Sources */,
				882B61A32A310B7F002CF208 /* FreelancerViewModel.swift in Sources */,
				ECA30A442A2F720F00C26905 /* Freelancer.swift in Sources */,
				EC8AAE5B2A3297390062D97E /* LinkedInProfileModel.swift in Sources */,
				ECA30A462A2F75A400C26905 /* FreelancerModel.swift in Sources */,
				EC8AAE592A3297230062D97E /* LinkedInEmailModel.swift in Sources */,
				EC8AAE5D2A33104B0062D97E /* LoginViewController.swift in Sources */,
				882B618D2A310A7E002CF208 /* Accordion.swift in Sources */,
				882B61A52A310B94002CF208 /* RolesViewModel.swift in Sources */,
				ECA309FC2A26D3E500C26905 /* ReferenceHelper.swift in Sources */,
				882B619C2A310B27002CF208 /* FreelancerDummy.swift in Sources */,
				882B61932A310AC3002CF208 /* ListFreelancers.swift in Sources */,
				ECA309E62A25ED9000C26905 /* TenderApp.swift in Sources */,
				ECA30A202A27591C00C26905 /* SayedTestView.swift in Sources */,
				BD9230B02A31C0CC006C8EDB /* NotificationListView.swift in Sources */,
				881B72432A363A64004078B0 /* TextInputAutocomplete.swift in Sources */,
				882B61B52A34474C002CF208 /* UserViewModel.swift in Sources */,
				FE1600F42A2CD40F003691BE /* MenuList.swift in Sources */,
				BDFDC87F2A2D653D00776B60 /* LoginView.swift in Sources */,
				EC8AAE572A3296F20062D97E /* LinkedInConstants.swift in Sources */,
				882B61B32A3446F1002CF208 /* Users.swift in Sources */,
				882B619A2A310B01002CF208 /* SearchBar.swift in Sources */,
				882B619E2A310B37002CF208 /* Roles.swift in Sources */,
				BD2AAA812A306C5700867EB4 /* RequestConnectView.swift in Sources */,
				FEDF986A2A33605F00167A9A /* ProfileView.swift in Sources */,
				FE1600F02A2CD388003691BE /* SwipeView.swift in Sources */,
				BDA0A4CD2A336F7C00F6513F /* CapsuleSkillView.swift in Sources */,
				ECA309FC2A26D3E500C26905 /* ReferenceHelper.swift in Sources */,
				BDA0A4CB2A336E1700F6513F /* FormTitleWithIcon.swift in Sources */,
				882B61982A310AEA002CF208 /* MenuItem.swift in Sources */,
				882B61A02A310B43002CF208 /* Skills.swift in Sources */,
				ECA309E62A25ED9000C26905 /* TenderApp.swift in Sources */,
				882B61AB2A3111E4002CF208 /* Menu.swift in Sources */,
				BD2AAA832A306C6000867EB4 /* ReferralView.swift in Sources */,
			);
			runOnlyForDeploymentPostprocessing = 0;
		};
/* End PBXSourcesBuildPhase section */

/* Begin XCBuildConfiguration section */
		ECA309EE2A25ED9100C26905 /* Debug */ = {
			isa = XCBuildConfiguration;
			buildSettings = {
				ALWAYS_SEARCH_USER_PATHS = NO;
				CLANG_ANALYZER_NONNULL = YES;
				CLANG_ANALYZER_NUMBER_OBJECT_CONVERSION = YES_AGGRESSIVE;
				CLANG_CXX_LANGUAGE_STANDARD = "gnu++20";
				CLANG_ENABLE_MODULES = YES;
				CLANG_ENABLE_OBJC_ARC = YES;
				CLANG_ENABLE_OBJC_WEAK = YES;
				CLANG_WARN_BLOCK_CAPTURE_AUTORELEASING = YES;
				CLANG_WARN_BOOL_CONVERSION = YES;
				CLANG_WARN_COMMA = YES;
				CLANG_WARN_CONSTANT_CONVERSION = YES;
				CLANG_WARN_DEPRECATED_OBJC_IMPLEMENTATIONS = YES;
				CLANG_WARN_DIRECT_OBJC_ISA_USAGE = YES_ERROR;
				CLANG_WARN_DOCUMENTATION_COMMENTS = YES;
				CLANG_WARN_EMPTY_BODY = YES;
				CLANG_WARN_ENUM_CONVERSION = YES;
				CLANG_WARN_INFINITE_RECURSION = YES;
				CLANG_WARN_INT_CONVERSION = YES;
				CLANG_WARN_NON_LITERAL_NULL_CONVERSION = YES;
				CLANG_WARN_OBJC_IMPLICIT_RETAIN_SELF = YES;
				CLANG_WARN_OBJC_LITERAL_CONVERSION = YES;
				CLANG_WARN_OBJC_ROOT_CLASS = YES_ERROR;
				CLANG_WARN_QUOTED_INCLUDE_IN_FRAMEWORK_HEADER = YES;
				CLANG_WARN_RANGE_LOOP_ANALYSIS = YES;
				CLANG_WARN_STRICT_PROTOTYPES = YES;
				CLANG_WARN_SUSPICIOUS_MOVE = YES;
				CLANG_WARN_UNGUARDED_AVAILABILITY = YES_AGGRESSIVE;
				CLANG_WARN_UNREACHABLE_CODE = YES;
				CLANG_WARN__DUPLICATE_METHOD_MATCH = YES;
				COPY_PHASE_STRIP = NO;
				DEBUG_INFORMATION_FORMAT = dwarf;
				ENABLE_STRICT_OBJC_MSGSEND = YES;
				ENABLE_TESTABILITY = YES;
				GCC_C_LANGUAGE_STANDARD = gnu11;
				GCC_DYNAMIC_NO_PIC = NO;
				GCC_NO_COMMON_BLOCKS = YES;
				GCC_OPTIMIZATION_LEVEL = 0;
				GCC_PREPROCESSOR_DEFINITIONS = (
					"DEBUG=1",
					"$(inherited)",
				);
				GCC_WARN_64_TO_32_BIT_CONVERSION = YES;
				GCC_WARN_ABOUT_RETURN_TYPE = YES_ERROR;
				GCC_WARN_UNDECLARED_SELECTOR = YES;
				GCC_WARN_UNINITIALIZED_AUTOS = YES_AGGRESSIVE;
				GCC_WARN_UNUSED_FUNCTION = YES;
				GCC_WARN_UNUSED_VARIABLE = YES;
				IPHONEOS_DEPLOYMENT_TARGET = 16.4;
				MTL_ENABLE_DEBUG_INFO = INCLUDE_SOURCE;
				MTL_FAST_MATH = YES;
				ONLY_ACTIVE_ARCH = YES;
				SDKROOT = iphoneos;
				SWIFT_ACTIVE_COMPILATION_CONDITIONS = DEBUG;
				SWIFT_OPTIMIZATION_LEVEL = "-Onone";
			};
			name = Debug;
		};
		ECA309EF2A25ED9100C26905 /* Release */ = {
			isa = XCBuildConfiguration;
			buildSettings = {
				ALWAYS_SEARCH_USER_PATHS = NO;
				CLANG_ANALYZER_NONNULL = YES;
				CLANG_ANALYZER_NUMBER_OBJECT_CONVERSION = YES_AGGRESSIVE;
				CLANG_CXX_LANGUAGE_STANDARD = "gnu++20";
				CLANG_ENABLE_MODULES = YES;
				CLANG_ENABLE_OBJC_ARC = YES;
				CLANG_ENABLE_OBJC_WEAK = YES;
				CLANG_WARN_BLOCK_CAPTURE_AUTORELEASING = YES;
				CLANG_WARN_BOOL_CONVERSION = YES;
				CLANG_WARN_COMMA = YES;
				CLANG_WARN_CONSTANT_CONVERSION = YES;
				CLANG_WARN_DEPRECATED_OBJC_IMPLEMENTATIONS = YES;
				CLANG_WARN_DIRECT_OBJC_ISA_USAGE = YES_ERROR;
				CLANG_WARN_DOCUMENTATION_COMMENTS = YES;
				CLANG_WARN_EMPTY_BODY = YES;
				CLANG_WARN_ENUM_CONVERSION = YES;
				CLANG_WARN_INFINITE_RECURSION = YES;
				CLANG_WARN_INT_CONVERSION = YES;
				CLANG_WARN_NON_LITERAL_NULL_CONVERSION = YES;
				CLANG_WARN_OBJC_IMPLICIT_RETAIN_SELF = YES;
				CLANG_WARN_OBJC_LITERAL_CONVERSION = YES;
				CLANG_WARN_OBJC_ROOT_CLASS = YES_ERROR;
				CLANG_WARN_QUOTED_INCLUDE_IN_FRAMEWORK_HEADER = YES;
				CLANG_WARN_RANGE_LOOP_ANALYSIS = YES;
				CLANG_WARN_STRICT_PROTOTYPES = YES;
				CLANG_WARN_SUSPICIOUS_MOVE = YES;
				CLANG_WARN_UNGUARDED_AVAILABILITY = YES_AGGRESSIVE;
				CLANG_WARN_UNREACHABLE_CODE = YES;
				CLANG_WARN__DUPLICATE_METHOD_MATCH = YES;
				COPY_PHASE_STRIP = NO;
				DEBUG_INFORMATION_FORMAT = "dwarf-with-dsym";
				ENABLE_NS_ASSERTIONS = NO;
				ENABLE_STRICT_OBJC_MSGSEND = YES;
				GCC_C_LANGUAGE_STANDARD = gnu11;
				GCC_NO_COMMON_BLOCKS = YES;
				GCC_WARN_64_TO_32_BIT_CONVERSION = YES;
				GCC_WARN_ABOUT_RETURN_TYPE = YES_ERROR;
				GCC_WARN_UNDECLARED_SELECTOR = YES;
				GCC_WARN_UNINITIALIZED_AUTOS = YES_AGGRESSIVE;
				GCC_WARN_UNUSED_FUNCTION = YES;
				GCC_WARN_UNUSED_VARIABLE = YES;
				IPHONEOS_DEPLOYMENT_TARGET = 16.4;
				MTL_ENABLE_DEBUG_INFO = NO;
				MTL_FAST_MATH = YES;
				SDKROOT = iphoneos;
				SWIFT_COMPILATION_MODE = wholemodule;
				SWIFT_OPTIMIZATION_LEVEL = "-O";
				VALIDATE_PRODUCT = YES;
			};
			name = Release;
		};
		ECA309F12A25ED9100C26905 /* Debug */ = {
			isa = XCBuildConfiguration;
			buildSettings = {
				ASSETCATALOG_COMPILER_APPICON_NAME = AppIcon;
				ASSETCATALOG_COMPILER_GLOBAL_ACCENT_COLOR_NAME = AccentColor;
				CODE_SIGN_ENTITLEMENTS = Tender/Tender.entitlements;
				CODE_SIGN_STYLE = Automatic;
				CURRENT_PROJECT_VERSION = 1;
				DEVELOPMENT_ASSET_PATHS = "\"Tender/Preview Content\"";
				DEVELOPMENT_TEAM = 4648C4U887;
				ENABLE_PREVIEWS = YES;
				GENERATE_INFOPLIST_FILE = YES;
				INFOPLIST_FILE = Tender/Info.plist;
				INFOPLIST_KEY_UIApplicationSceneManifest_Generation = YES;
				INFOPLIST_KEY_UIApplicationSupportsIndirectInputEvents = YES;
				INFOPLIST_KEY_UILaunchScreen_Generation = YES;
				INFOPLIST_KEY_UISupportedInterfaceOrientations_iPad = "UIInterfaceOrientationPortrait UIInterfaceOrientationPortraitUpsideDown UIInterfaceOrientationLandscapeLeft UIInterfaceOrientationLandscapeRight";
				INFOPLIST_KEY_UISupportedInterfaceOrientations_iPhone = "UIInterfaceOrientationPortrait UIInterfaceOrientationLandscapeLeft UIInterfaceOrientationLandscapeRight";
				IPHONEOS_DEPLOYMENT_TARGET = 16.3;
				LD_RUNPATH_SEARCH_PATHS = (
					"$(inherited)",
					"@executable_path/Frameworks",
				);
				MARKETING_VERSION = 1.0;
				PRODUCT_BUNDLE_IDENTIFIER = com.agfiddprsty.sharia.tender;
				PRODUCT_NAME = "$(TARGET_NAME)";
				SWIFT_EMIT_LOC_STRINGS = YES;
				SWIFT_VERSION = 5.0;
				TARGETED_DEVICE_FAMILY = "1,2";
			};
			name = Debug;
		};
		ECA309F22A25ED9100C26905 /* Release */ = {
			isa = XCBuildConfiguration;
			buildSettings = {
				ASSETCATALOG_COMPILER_APPICON_NAME = AppIcon;
				ASSETCATALOG_COMPILER_GLOBAL_ACCENT_COLOR_NAME = AccentColor;
				CODE_SIGN_ENTITLEMENTS = Tender/Tender.entitlements;
				CODE_SIGN_STYLE = Automatic;
				CURRENT_PROJECT_VERSION = 1;
				DEVELOPMENT_ASSET_PATHS = "\"Tender/Preview Content\"";
				DEVELOPMENT_TEAM = 4648C4U887;
				ENABLE_PREVIEWS = YES;
				GENERATE_INFOPLIST_FILE = YES;
				INFOPLIST_FILE = Tender/Info.plist;
				INFOPLIST_KEY_UIApplicationSceneManifest_Generation = YES;
				INFOPLIST_KEY_UIApplicationSupportsIndirectInputEvents = YES;
				INFOPLIST_KEY_UILaunchScreen_Generation = YES;
				INFOPLIST_KEY_UISupportedInterfaceOrientations_iPad = "UIInterfaceOrientationPortrait UIInterfaceOrientationPortraitUpsideDown UIInterfaceOrientationLandscapeLeft UIInterfaceOrientationLandscapeRight";
				INFOPLIST_KEY_UISupportedInterfaceOrientations_iPhone = "UIInterfaceOrientationPortrait UIInterfaceOrientationLandscapeLeft UIInterfaceOrientationLandscapeRight";
				IPHONEOS_DEPLOYMENT_TARGET = 16.3;
				LD_RUNPATH_SEARCH_PATHS = (
					"$(inherited)",
					"@executable_path/Frameworks",
				);
				MARKETING_VERSION = 1.0;
				PRODUCT_BUNDLE_IDENTIFIER = com.agfiddprsty.sharia.tender;
				PRODUCT_NAME = "$(TARGET_NAME)";
				SWIFT_EMIT_LOC_STRINGS = YES;
				SWIFT_VERSION = 5.0;
				TARGETED_DEVICE_FAMILY = "1,2";
			};
			name = Release;
		};
/* End XCBuildConfiguration section */

/* Begin XCConfigurationList section */
		ECA309DD2A25ED9000C26905 /* Build configuration list for PBXProject "Tender" */ = {
			isa = XCConfigurationList;
			buildConfigurations = (
				ECA309EE2A25ED9100C26905 /* Debug */,
				ECA309EF2A25ED9100C26905 /* Release */,
			);
			defaultConfigurationIsVisible = 0;
			defaultConfigurationName = Release;
		};
		ECA309F02A25ED9100C26905 /* Build configuration list for PBXNativeTarget "Tender" */ = {
			isa = XCConfigurationList;
			buildConfigurations = (
				ECA309F12A25ED9100C26905 /* Debug */,
				ECA309F22A25ED9100C26905 /* Release */,
			);
			defaultConfigurationIsVisible = 0;
			defaultConfigurationName = Release;
		};
/* End XCConfigurationList section */
	};
	rootObject = ECA309DA2A25ED9000C26905 /* Project object */;
}
